
Microsoft Visual Studio Solution File, Format Version 12.00
# Visual Studio Version 16
VisualStudioVersion = 16.0.29920.165
MinimumVisualStudioVersion = 10.0.40219.1
Project("{FAE04EC0-301F-11D3-BF4B-00C04F79EFBC}") = "Design_Automation_Desk", "Design_Automation_Desk.csproj", "{EC0F5B77-0757-4A9C-9F37-F73AE29A5313}"
EndProject
Global
	GlobalSection(SolutionConfigurationPlatforms) = preSolution
		Debug|Any CPU = Debug|Any CPU
		Release|Any CPU = Release|Any CPU
	EndGlobalSection
	GlobalSection(ProjectConfigurationPlatforms) = postSolution
		{EC0F5B77-0757-4A9C-9F37-F73AE29A5313}.Debug|Any CPU.ActiveCfg = Debug|Any CPU
		{EC0F5B77-0757-4A9C-9F37-F73AE29A5313}.Debug|Any CPU.Build.0 = Debug|Any CPU
		{EC0F5B77-0757-4A9C-9F37-F73AE29A5313}.Release|Any CPU.ActiveCfg = Release|Any CPU
		{EC0F5B77-0757-4A9C-9F37-F73AE29A5313}.Release|Any CPU.Build.0 = Release|Any CPU
	EndGlobalSection
	GlobalSection(SolutionProperties) = preSolution
		HideSolutionNode = FALSE
	EndGlobalSection
	GlobalSection(ExtensibilityGlobals) = postSolution
		SolutionGuid = {6A2E6A11-1D8D-4763-9FD6-26AA3147B168}
	EndGlobalSection
EndGlobal
