
Microsoft Visual Studio Solution File, Format Version 12.00
# Visual Studio Version 16
VisualStudioVersion = 16.0.29920.165
MinimumVisualStudioVersion = 10.0.40219.1
Project("{FAE04EC0-301F-11D3-BF4B-00C04F79EFBC}") = "Design_Automation_Basic", "Design_Automation_Basic.csproj", "{1AD863DF-3391-4DC2-B78B-A198D681516E}"
EndProject
Global
	GlobalSection(SolutionConfigurationPlatforms) = preSolution
		Debug|Any CPU = Debug|Any CPU
		Release|Any CPU = Release|Any CPU
	EndGlobalSection
	GlobalSection(ProjectConfigurationPlatforms) = postSolution
		{1AD863DF-3391-4DC2-B78B-A198D681516E}.Debug|Any CPU.ActiveCfg = Debug|Any CPU
		{1AD863DF-3391-4DC2-B78B-A198D681516E}.Debug|Any CPU.Build.0 = Debug|Any CPU
		{1AD863DF-3391-4DC2-B78B-A198D681516E}.Release|Any CPU.ActiveCfg = Release|Any CPU
		{1AD863DF-3391-4DC2-B78B-A198D681516E}.Release|Any CPU.Build.0 = Release|Any CPU
	EndGlobalSection
	GlobalSection(SolutionProperties) = preSolution
		HideSolutionNode = FALSE
	EndGlobalSection
	GlobalSection(ExtensibilityGlobals) = postSolution
		SolutionGuid = {B42E1803-3796-45CC-9B1D-DFFF9DA765AB}
	EndGlobalSection
EndGlobal
